{
    "_meta": {
        "hash": {
            "sha256": "24e3ac36737a08f729002aa054165fbcba39471a27e19bf3a5336019ed80954c"
        },
        "pipfile-spec": 6,
        "requires": {
            "python_version": "3.8"
        },
        "sources": [
            {
                "name": "pypi",
                "url": "https://pypi.org/simple",
                "verify_ssl": true
            }
        ]
    },
    "default": {
        "certifi": {
            "hashes": [
                "sha256:0d9c601124e5a6ba9712dbc60d9c53c21e34f5f641fe83002317394311bdce14",
                "sha256:90c1a32f1d68f940488354e36370f6cca89f0f106db09518524c88d6ed83f382"
            ],
            "markers": "python_full_version >= '3.6.0'",
            "version": "==2022.9.24"
        },
        "charset-normalizer": {
            "hashes": [
                "sha256:5a3d016c7c547f69d6f81fb0db9449ce888b418b5b9952cc5e6e66843e9dd845",
                "sha256:83e9a75d1911279afd89352c68b45348559d1fc0506b054b346651b5e7fee29f"
            ],
            "markers": "python_full_version >= '3.6.0'",
            "version": "==2.1.1"
        },
        "dataclass-map-and-log": {
            "hashes": [
                "sha256:051dbc0635c556cb8d999339922b00b33f9db1fc6a1307f936f2efe9ff7e9b32",
                "sha256:5797901d3529abdc1371d63f81dfebb0e7ed7fa2d7d1c4f6792735dde9e9b2a1"
            ],
            "index": "pypi",
            "version": "==0.1.2"
        },
        "idna": {
            "hashes": [
                "sha256:814f528e8dead7d329833b91c5faa87d60bf71824cd12a7530b5526063d02cb4",
                "sha256:90b77e79eaa3eba6de819a0c442c0b4ceefc341a7a2ab77d7562bf49f425c5c2"
            ],
            "markers": "python_version >= '3.5'",
            "version": "==3.4"
        },
        "oauthlib": {
            "hashes": [
                "sha256:8139f29aac13e25d502680e9e19963e83f16838d48a0d71c287fe40e7067fbca",
                "sha256:9859c40929662bec5d64f34d01c99e093149682a3f38915dc0655d5a633dd918"
            ],
            "markers": "python_full_version >= '3.6.0'",
            "version": "==3.2.2"
        },
        "pydantic": {
            "hashes": [
                "sha256:021ea0e4133e8c824775a0cfe098677acf6fa5a3cbf9206a376eed3fc09302cd",
                "sha256:05ddfd37c1720c392f4e0d43c484217b7521558302e7069ce8d318438d297739",
                "sha256:05ef5246a7ffd2ce12a619cbb29f3307b7c4509307b1b49f456657b43529dc6f",
                "sha256:10e5622224245941efc193ad1d159887872776df7a8fd592ed746aa25d071840",
                "sha256:18b5ea242dd3e62dbf89b2b0ec9ba6c7b5abaf6af85b95a97b00279f65845a23",
                "sha256:234a6c19f1c14e25e362cb05c68afb7f183eb931dd3cd4605eafff055ebbf287",
                "sha256:244ad78eeb388a43b0c927e74d3af78008e944074b7d0f4f696ddd5b2af43c62",
                "sha256:26464e57ccaafe72b7ad156fdaa4e9b9ef051f69e175dbbb463283000c05ab7b",
                "sha256:41b542c0b3c42dc17da70554bc6f38cbc30d7066d2c2815a94499b5684582ecb",
                "sha256:4a03cbbe743e9c7247ceae6f0d8898f7a64bb65800a45cbdc52d65e370570820",
                "sha256:4be75bebf676a5f0f87937c6ddb061fa39cbea067240d98e298508c1bda6f3f3",
                "sha256:54cd5121383f4a461ff7644c7ca20c0419d58052db70d8791eacbbe31528916b",
                "sha256:589eb6cd6361e8ac341db97602eb7f354551482368a37f4fd086c0733548308e",
                "sha256:8621559dcf5afacf0069ed194278f35c255dc1a1385c28b32dd6c110fd6531b3",
                "sha256:8b223557f9510cf0bfd8b01316bf6dd281cf41826607eada99662f5e4963f316",
                "sha256:99a9fc39470010c45c161a1dc584997f1feb13f689ecf645f59bb4ba623e586b",
                "sha256:a7c6002203fe2c5a1b5cbb141bb85060cbff88c2d78eccbc72d97eb7022c43e4",
                "sha256:a83db7205f60c6a86f2c44a61791d993dff4b73135df1973ecd9eed5ea0bda20",
                "sha256:ac8eed4ca3bd3aadc58a13c2aa93cd8a884bcf21cb019f8cfecaae3b6ce3746e",
                "sha256:e710876437bc07bd414ff453ac8ec63d219e7690128d925c6e82889d674bb505",
                "sha256:ea5cb40a3b23b3265f6325727ddfc45141b08ed665458be8c6285e7b85bd73a1",
                "sha256:fec866a0b59f372b7e776f2d7308511784dace622e0992a0b59ea3ccee0ae833"
            ],
            "index": "pypi",
            "version": "==1.8.2"
        },
        "pyhumps": {
            "hashes": [
                "sha256:060e1954d9069f428232a1adda165db0b9d8dfdce1d265d36df7fbff540acfd6",
                "sha256:498026258f7ee1a8e447c2e28526c0bea9407f9a59c03260aee4bd6c04d681a3"
            ],
            "index": "pypi",
            "version": "==3.8.0"
        },
        "requests": {
            "hashes": [
                "sha256:7c5599b102feddaa661c826c56ab4fee28bfd17f5abca1ebbe3e7f19d7c97983",
                "sha256:8fefa2a1a1365bf5520aac41836fbee479da67864514bdb821f31ce07ce65349"
            ],
            "index": "pypi",
            "version": "==2.28.1"
        },
        "requests-oauthlib": {
            "hashes": [
                "sha256:2577c501a2fb8d05a304c09d090d6e47c306fef15809d102b327cf8364bddab5",
                "sha256:75beac4a47881eeb94d5ea5d6ad31ef88856affe2332b9aafb52c6452ccf0d7a"
            ],
            "index": "pypi",
            "version": "==1.3.1"
        },
        "travelperk-python-api-types": {
            "hashes": [
                "sha256:6a7c7a5e61388617e82985358103fb2cf020a7982c4195ebc7df3e9f5be0b092",
                "sha256:95999058a3a88b191e4d9261bac85404897c5ddb99517a518a690602f49c1d57"
            ],
            "index": "pypi",
            "version": "==1.1.1"
        },
        "typing-extensions": {
            "hashes": [
                "sha256:1511434bb92bf8dd198c12b1cc812e800d4181cfcb867674e0f8279cc93087aa",
                "sha256:16fa4864408f655d35ec496218b85f79b3437c829e93320c7c9215ccfd92489e"
            ],
            "markers": "python_version >= '3.7'",
            "version": "==4.4.0"
        },
        "urllib3": {
            "hashes": [
                "sha256:3fa96cf423e6987997fc326ae8df396db2a8b7c667747d47ddd8ecba91f4a74e",
                "sha256:b930dd878d5a8afb066a637fbb35144fe7901e3b209d1cd4f524bd0e9deee997"
            ],
            "markers": "python_version >= '2.7' and python_version not in '3.0, 3.1, 3.2, 3.3, 3.4, 3.5' and python_version < '4'",
            "version": "==1.26.12"
        }
    },
    "develop": {
        "attrs": {
            "hashes": [
                "sha256:29adc2665447e5191d0e7c568fde78b21f9672d344281d0c6e1ab085429b22b6",
                "sha256:86efa402f67bf2df34f51a335487cf46b1ec130d02b8d39fd248abfd30da551c"
            ],
            "markers": "python_version >= '3.5'",
            "version": "==22.1.0"
        },
        "black": {
            "hashes": [
                "sha256:14ff67aec0a47c424bc99b71005202045dc09270da44a27848d534600ac64fc7",
                "sha256:197df8509263b0b8614e1df1756b1dd41be6738eed2ba9e9769f3880c2b9d7b6",
                "sha256:1e464456d24e23d11fced2bc8c47ef66d471f845c7b7a42f3bd77bf3d1789650",
                "sha256:2039230db3c6c639bd84efe3292ec7b06e9214a2992cd9beb293d639c6402edb",
                "sha256:21199526696b8f09c3997e2b4db8d0b108d801a348414264d2eb8eb2532e540d",
                "sha256:2644b5d63633702bc2c5f3754b1b475378fbbfb481f62319388235d0cd104c2d",
                "sha256:432247333090c8c5366e69627ccb363bc58514ae3e63f7fc75c54b1ea80fa7de",
                "sha256:444ebfb4e441254e87bad00c661fe32df9969b2bf224373a448d8aca2132b395",
                "sha256:5b9b29da4f564ba8787c119f37d174f2b69cdfdf9015b7d8c5c16121ddc054ae",
                "sha256:5cc42ca67989e9c3cf859e84c2bf014f6633db63d1cbdf8fdb666dcd9e77e3fa",
                "sha256:5d8f74030e67087b219b032aa33a919fae8806d49c867846bfacde57f43972ef",
                "sha256:72ef3925f30e12a184889aac03d77d031056860ccae8a1e519f6cbb742736383",
                "sha256:819dc789f4498ecc91438a7de64427c73b45035e2e3680c92e18795a839ebb66",
                "sha256:915ace4ff03fdfff953962fa672d44be269deb2eaf88499a0f8805221bc68c87",
                "sha256:9311e99228ae10023300ecac05be5a296f60d2fd10fff31cf5c1fa4ca4b1988d",
                "sha256:974308c58d057a651d182208a484ce80a26dac0caef2895836a92dd6ebd725e0",
                "sha256:b8b49776299fece66bffaafe357d929ca9451450f5466e997a7285ab0fe28e3b",
                "sha256:c957b2b4ea88587b46cf49d1dc17681c1e672864fd7af32fc1e9664d572b3458",
                "sha256:e41a86c6c650bcecc6633ee3180d80a025db041a8e2398dcc059b3afa8382cd4",
                "sha256:f513588da599943e0cde4e32cc9879e825d58720d6557062d1098c5ad80080e1",
                "sha256:fba8a281e570adafb79f7755ac8721b6cf1bbf691186a287e990c7929c7692ff"
            ],
            "index": "pypi",
            "version": "==22.10.0"
        },
        "certifi": {
            "hashes": [
                "sha256:0d9c601124e5a6ba9712dbc60d9c53c21e34f5f641fe83002317394311bdce14",
                "sha256:90c1a32f1d68f940488354e36370f6cca89f0f106db09518524c88d6ed83f382"
            ],
            "markers": "python_full_version >= '3.6.0'",
            "version": "==2022.9.24"
        },
        "cfgv": {
            "hashes": [
                "sha256:c6a0883f3917a037485059700b9e75da2464e6c27051014ad85ba6aaa5884426",
                "sha256:f5a830efb9ce7a445376bb66ec94c638a9787422f96264c98edc6bdeed8ab736"
            ],
            "markers": "python_full_version >= '3.6.1'",
            "version": "==3.3.1"
        },
        "charset-normalizer": {
            "hashes": [
                "sha256:5a3d016c7c547f69d6f81fb0db9449ce888b418b5b9952cc5e6e66843e9dd845",
                "sha256:83e9a75d1911279afd89352c68b45348559d1fc0506b054b346651b5e7fee29f"
            ],
            "markers": "python_full_version >= '3.6.0'",
            "version": "==2.1.1"
        },
        "click": {
            "hashes": [
                "sha256:7682dc8afb30297001674575ea00d1814d808d6a36af415a82bd481d37ba7b8e",
                "sha256:bb4d8133cb15a609f44e8213d9b391b0809795062913b383c62be0ee95b1db48"
            ],
            "markers": "python_version >= '3.7'",
            "version": "==8.1.3"
        },
        "codecov": {
            "hashes": [
                "sha256:585dc217dc3d8185198ceb402f85d5cb5dbfa0c5f350a5abcdf9e347776a5b47",
                "sha256:782a8e5352f22593cbc5427a35320b99490eb24d9dcfa2155fd99d2b75cfb635",
                "sha256:a0da46bb5025426da895af90938def8ee12d37fcbcbbbc15b6dc64cf7ebc51c1"
            ],
            "index": "pypi",
            "version": "==2.1.12"
        },
        "coverage": {
            "extras": [
                "toml"
            ],
            "hashes": [
                "sha256:00858a6213ea829ab417b6e05ac0a4c22eac7d3aae67c0187de2935d0548786b",
                "sha256:08fd9ad5dfc490b7403027b20eebb8ac470621ae1ce0b33a13cab9ec8d4aed0a",
                "sha256:0c52c8f0243a2e4c0b81db2f6468a9084dd380e0b69e931253aa24529eb812f3",
                "sha256:0e857ef99769a54595c8801086e310dabb8205a1e742d66f6702544aeddfb1ba",
                "sha256:1b1cca186e74d258d983a1e1a134ffba0b991effbc8e46ee65c5fbf4009dfce1",
                "sha256:1dcb5c17b361b35d2a339c6031417f8dcce915b09ea55e7214a398833ec9a63f",
                "sha256:22cca1925841e2655ce35a4e17c21b42dd0de2b85c5d6fe9c5bf4a45f58950f3",
                "sha256:25ab1d4ae4bce324d427732bf0f7967493405daa0c2675385016102b0a5e87bf",
                "sha256:2ca9c7735da025b0f0ca00ab15c5290798b62a49feaf312cb895ab4c4bc1575e",
                "sha256:3008ace59d566e110e9351c855c6bf2f2b4037f772caffdfaa977c485bf96e8e",
                "sha256:3de7363b0f21ac6fc97767f78036b900006e06eadd3cc72f040d57494405f44c",
                "sha256:409d14e37de692f94689578cbbb0a26408da9d9354f8ff658e148f1750940b2f",
                "sha256:425ba4ae75be4e2c9ce336a523265e6e1214ad624e8d18fb638771475dec2ebf",
                "sha256:42d7ee01583d4db8098510d08e7505db0f5dbb70edc88a7350cafc336ae81048",
                "sha256:4e07fc0e0dc8bdeae4f23b8ff821c711dcb2537bbc782f61ff726ca07fcfdb9b",
                "sha256:4f32113f131edcd26266b8bfc9e24698b6dee4d9ea63362b7dd3cf0a351231a6",
                "sha256:539ca9a37aaab0ed31ccb535039e33170cf2144b8cd5006c48ad724ba2ab5797",
                "sha256:572867facf73374a9c8686691bf1b43abe3425f31a2a9b48043d0de9f669ad0d",
                "sha256:583f5b9a414fcabe1c14d82519b9d24dfd69c3505e9030415c3c6b692bff9062",
                "sha256:590411083d46c182e852e879a533fa99988937a3af96f836cacbc16a1bcfd058",
                "sha256:5a0bc8377854cc2f447093149bc9774b0628e9db218f85026d7982466840040e",
                "sha256:5f3ee269b6d32913eccd78eefce6da7d5120d8fbef059c463c028267c1a0d1ce",
                "sha256:639bc5e8cf323a50d17b52554269e72c21c2cb5ad14ca1b43e095ce60abbc2b3",
                "sha256:644b9c4e7e951aa210a8150b09f9c02dcea8701d14bff1564a50e054ce0ae48d",
                "sha256:6591db6f6bbd5120c9475fdb12305a3216355ae4797b0e44528040f6d0d8f73f",
                "sha256:7538a24505abb5dc61ac3bbf58d5232a76ad6fd2be63cf797c2e1caa9c60077c",
                "sha256:75598efc204f513cc4d5ca99a8f9103867993c091e5cd62d78c1020a0affc7be",
                "sha256:7911833a156476096d209569cbe600faf22a057a46c5e8bb19fffc387abad101",
                "sha256:7f96cd694673191583acaef50ed01c8db3b47f49602b7046a15775fa6f753e9f",
                "sha256:89230ec0b1f3817237a8f98fc593dec061eebd753cea097772e7abcf5fb9c6bc",
                "sha256:959d65e8c5f84878a741dcddcbf71ccc22270c6981e5dfe0806517d49be0c1f2",
                "sha256:98220679df217b9635c3c6a7a490c408f4de169c33ac4f708a86f9e97b2d9b14",
                "sha256:996c74a93f6fac2099c288e709e7d0bcc37f3c700d878d7d52accdcc2b6550bd",
                "sha256:9ec68b342a82dc821d4384e7a5b266c2b78bc5ec3a59fcadf8e96445f4002366",
                "sha256:b3b6582423aeece24478028b8c9127cd1392d584dfade6c925421c91710cdad5",
                "sha256:b48273db5287a185017f2150eb49581245777ba30c6e749bfd5567afcab27c3f",
                "sha256:c1b862d4718a103cd090b6b91155503574918c498a381a13970e22785c7ae5a3",
                "sha256:c87885ca7357e85e9e1550d804c7b2c42d6e4e8260849af499fc2b0dfe58962c",
                "sha256:c976faf3bed96d2b94ee8b005ff26a075cfbc00782b532342119cbd172481f81",
                "sha256:ca922b6558e1fe09c2ffc772faaa411f94cb47845d366d7aa6a887d934a25200",
                "sha256:e0101d0cb004db88891ffb87ddfccd93ee76abbe4c0bf784c4214f467d026dd2",
                "sha256:e7a0f9ab01ccd873d21584ddcad488ad752944f6a9e5bdff1aefbe5289ffd823",
                "sha256:e83b73d8edf255187388b8d14c0c0df580bbf8e7099060e590915e3fbcf39598",
                "sha256:e8b80f94e15676dbaa7ce2cef6e5433cdb2427d3d81ea9fe4c3d788fae3bc4a2",
                "sha256:e9c1a662c837cf9b4b815f977404475b555fafc0fb12ae92667d0cdbf0f3c9eb",
                "sha256:eb54a60e3819d60de6828b5bd197996f9ecb2306d280bd532a4a4291f3285658",
                "sha256:efb09e5004fd1e4d05cf433d7ad7a6784d090c0afd68b46e8ef785ae169a31ed",
                "sha256:f0ae2fd15eedb5f749cd9b3da01087b7dba2f76cc783866459d8b3f3feb7c969",
                "sha256:f0aefc3015ae4a188dc48f2ea934ddbdf158c8c4b0b3d5691acfdad684857702",
                "sha256:f47e5f3c5acbc3b843ae89b042faf64b366a4976099813487161ce3c50649db3",
                "sha256:fd868a0eb8eb35a84847935fe36a5b285fed2e4b99c2b90cf44778fa0e9418e9"
            ],
            "markers": "python_version >= '3.7'",
            "version": "==6.6.0b1"
        },
        "distlib": {
            "hashes": [
                "sha256:14bad2d9b04d3a36127ac97f30b12a19268f211063d8f8ee4f47108896e11b46",
                "sha256:f35c4b692542ca110de7ef0bea44d73981caeb34ca0b9b6b2e6d7790dda8f80e"
            ],
            "version": "==0.3.6"
        },
        "exceptiongroup": {
            "hashes": [
                "sha256:4d6c0aa6dd825810941c792f53d7b8d71da26f5e5f84f20f9508e8f2d33b140a",
                "sha256:73866f7f842ede6cb1daa42c4af078e2035e5f7607f0e2c762cc51bb31bbe7b2"
            ],
            "markers": "python_version < '3.11'",
            "version": "==1.0.1"
        },
        "filelock": {
            "hashes": [
                "sha256:55447caa666f2198c5b6b13a26d2084d26fa5b115c00d065664b2124680c4edc",
                "sha256:617eb4e5eedc82fc5f47b6d61e4d11cb837c56cb4544e39081099fa17ad109d4"
            ],
            "markers": "python_version >= '3.7'",
            "version": "==3.8.0"
        },
        "freezegun": {
            "hashes": [
                "sha256:cd22d1ba06941384410cd967d8a99d5ae2442f57dfafeff2fda5de8dc5c05446",
                "sha256:ea1b963b993cb9ea195adbd893a48d573fda951b0da64f60883d7e988b606c9f"
            ],
            "markers": "python_version >= '3.6'",
            "version": "==1.2.2"
        },
        "identify": {
            "hashes": [
                "sha256:48b7925fe122720088aeb7a6c34f17b27e706b72c61070f27fe3789094233440",
                "sha256:7a214a10313b9489a0d61467db2856ae8d0b8306fc923e03a9effa53d8aedc58"
            ],
            "markers": "python_version >= '3.7'",
            "version": "==2.5.8"
        },
        "idna": {
            "hashes": [
                "sha256:814f528e8dead7d329833b91c5faa87d60bf71824cd12a7530b5526063d02cb4",
                "sha256:90b77e79eaa3eba6de819a0c442c0b4ceefc341a7a2ab77d7562bf49f425c5c2"
            ],
            "markers": "python_version >= '3.5'",
            "version": "==3.4"
        },
        "iniconfig": {
            "hashes": [
                "sha256:011e24c64b7f47f6ebd835bb12a743f2fbe9a26d4cecaa7f53bc4f35ee9da8b3",
                "sha256:bc3af051d7d14b2ee5ef9969666def0cd1a000e121eaea580d4a313df4b37f32"
            ],
            "version": "==1.1.1"
        },
        "jedi": {
            "hashes": [
                "sha256:637c9635fcf47945ceb91cd7f320234a7be540ded6f3e99a50cb6febdfd1ba8d",
                "sha256:74137626a64a99c8eb6ae5832d99b3bdd7d29a3850fe2aa80a4126b2a7d949ab"
            ],
            "markers": "python_version >= '3.6'",
            "version": "==0.18.1"
        },
        "mock": {
            "hashes": [
                "sha256:122fcb64ee37cfad5b3f48d7a7d51875d7031aaf3d8be7c42e2bee25044eee62",
                "sha256:7d3fbbde18228f4ff2f1f119a45cdffa458b4c0dee32eb4d2bb2f82554bac7bc"
            ],
            "index": "pypi",
            "version": "==4.0.3"
        },
        "mypy-extensions": {
            "hashes": [
                "sha256:090fedd75945a69ae91ce1303b5824f428daf5a028d2f6ab8a299250a846f15d",
                "sha256:2d82818f5bb3e369420cb3c4060a7970edba416647068eb4c5343488a6c604a8"
            ],
            "version": "==0.4.3"
        },
        "nodeenv": {
            "hashes": [
                "sha256:27083a7b96a25f2f5e1d8cb4b6317ee8aeda3bdd121394e5ac54e498028a042e",
                "sha256:e0e7f7dfb85fc5394c6fe1e8fa98131a2473e04311a45afb6508f7cf1836fa2b"
            ],
            "markers": "python_version >= '2.7' and python_version not in '3.0, 3.1, 3.2, 3.3, 3.4, 3.5, 3.6'",
            "version": "==1.7.0"
        },
        "packaging": {
            "hashes": [
                "sha256:dd47c42927d89ab911e606518907cc2d3a1f38bbd026385970643f9c5b8ecfeb",
                "sha256:ef103e05f519cdc783ae24ea4e2e0f508a9c99b2d4969652eed6a2e1ea5bd522"
            ],
            "markers": "python_version >= '3.6'",
            "version": "==21.3"
        },
        "parso": {
            "hashes": [
                "sha256:8c07be290bb59f03588915921e29e8a50002acaf2cdc5fa0e0114f91709fafa0",
                "sha256:c001d4636cd3aecdaf33cbb40aebb59b094be2a74c556778ef5576c175e19e75"
            ],
            "markers": "python_version >= '3.6'",
            "version": "==0.8.3"
        },
        "pathspec": {
            "hashes": [
                "sha256:46846318467efc4556ccfd27816e004270a9eeeeb4d062ce5e6fc7a87c573f93",
                "sha256:7ace6161b621d31e7902eb6b5ae148d12cfd23f4a249b9ffb6b9fee12084323d"
            ],
            "markers": "python_version >= '3.7'",
            "version": "==0.10.1"
        },
        "platformdirs": {
            "hashes": [
                "sha256:0cb405749187a194f444c25c82ef7225232f11564721eabffc6ec70df83b11cb",
                "sha256:6e52c21afff35cb659c6e52d8b4d61b9bd544557180440538f255d9382c8cbe0"
            ],
            "markers": "python_version >= '3.7'",
            "version": "==2.5.3"
        },
        "pluggy": {
            "hashes": [
                "sha256:4224373bacce55f955a878bf9cfa763c1e360858e330072059e10bad68531159",
                "sha256:74134bbf457f031a36d68416e1509f34bd5ccc019f0bcc952c7b909d06b37bd3"
            ],
            "markers": "python_version >= '3.6'",
            "version": "==1.0.0"
        },
        "pre-commit": {
            "hashes": [
                "sha256:51a5ba7c480ae8072ecdb6933df22d2f812dc897d5fe848778116129a681aac7",
                "sha256:a978dac7bc9ec0bcee55c18a277d553b0f419d259dadb4b9418ff2d00eb43959"
            ],
            "index": "pypi",
            "version": "==2.20.0"
        },
        "pudb": {
            "hashes": [
                "sha256:58e83ada9e19ffe92c1fdc78ae5458ef91aeb892a5b8f0e7379e6fa61e0e664a"
            ],
            "index": "pypi",
            "version": "==2022.1.3"
        },
        "pygments": {
            "hashes": [
                "sha256:56a8508ae95f98e2b9bdf93a6be5ae3f7d8af858b43e02c5a2ff083726be40c1",
                "sha256:f643f331ab57ba3c9d89212ee4a2dabc6e94f117cf4eefde99a0574720d14c42"
            ],
            "markers": "python_version >= '3.6'",
            "version": "==2.13.0"
        },
        "pyparsing": {
            "hashes": [
                "sha256:2b020ecf7d21b687f219b71ecad3631f644a47f01403fa1d1036b0c6416d70fb",
                "sha256:5026bae9a10eeaefb61dab2f09052b9f4307d44aee4eda64b309723d8d206bbc"
            ],
            "markers": "python_full_version >= '3.6.8'",
            "version": "==3.0.9"
        },
        "pytest": {
            "hashes": [
                "sha256:892f933d339f068883b6fd5a459f03d85bfcb355e4981e146d2c7616c21fef71",
                "sha256:c4014eb40e10f11f355ad4e3c2fb2c6c6d1919c73f3b5a433de4708202cade59"
            ],
            "index": "pypi",
            "version": "==7.2.0"
        },
        "pytest-cov": {
            "hashes": [
                "sha256:2feb1b751d66a8bd934e5edfa2e961d11309dc37b73b0eabe73b5945fee20f6b",
                "sha256:996b79efde6433cdbd0088872dbc5fb3ed7fe1578b68cdbba634f14bb8dd0470"
            ],
            "index": "pypi",
            "version": "==4.0.0"
        },
        "pytest-freezegun": {
            "hashes": [
                "sha256:19c82d5633751bf3ec92caa481fb5cffaac1787bd485f0df6436fd6242176949",
                "sha256:5318a6bfb8ba4b709c8471c94d0033113877b3ee02da5bfcd917c1889cde99a7"
            ],
            "index": "pypi",
            "version": "==0.4.2"
        },
        "python-dateutil": {
            "hashes": [
                "sha256:0123cacc1627ae19ddf3c27a5de5bd67ee4586fbdd6440d9748f8abb483d3e86",
                "sha256:961d03dc3453ebbc59dbdea9e4e11c5651520a876d0f4db161e8674aae935da9"
            ],
            "markers": "python_version >= '2.7' and python_version not in '3.0, 3.1, 3.2, 3.3'",
            "version": "==2.8.2"
        },
        "pyyaml": {
            "hashes": [
                "sha256:01b45c0191e6d66c470b6cf1b9531a771a83c1c4208272ead47a3ae4f2f603bf",
                "sha256:0283c35a6a9fbf047493e3a0ce8d79ef5030852c51e9d911a27badfde0605293",
                "sha256:055d937d65826939cb044fc8c9b08889e8c743fdc6a32b33e2390f66013e449b",
                "sha256:07751360502caac1c067a8132d150cf3d61339af5691fe9e87803040dbc5db57",
                "sha256:0b4624f379dab24d3725ffde76559cff63d9ec94e1736b556dacdfebe5ab6d4b",
                "sha256:0ce82d761c532fe4ec3f87fc45688bdd3a4c1dc5e0b4a19814b9009a29baefd4",
                "sha256:1e4747bc279b4f613a09eb64bba2ba602d8a6664c6ce6396a4d0cd413a50ce07",
                "sha256:213c60cd50106436cc818accf5baa1aba61c0189ff610f64f4a3e8c6726218ba",
                "sha256:231710d57adfd809ef5d34183b8ed1eeae3f76459c18fb4a0b373ad56bedcdd9",
                "sha256:277a0ef2981ca40581a47093e9e2d13b3f1fbbeffae064c1d21bfceba2030287",
                "sha256:2cd5df3de48857ed0544b34e2d40e9fac445930039f3cfe4bcc592a1f836d513",
                "sha256:40527857252b61eacd1d9af500c3337ba8deb8fc298940291486c465c8b46ec0",
                "sha256:432557aa2c09802be39460360ddffd48156e30721f5e8d917f01d31694216782",
                "sha256:473f9edb243cb1935ab5a084eb238d842fb8f404ed2193a915d1784b5a6b5fc0",
                "sha256:48c346915c114f5fdb3ead70312bd042a953a8ce5c7106d5bfb1a5254e47da92",
                "sha256:50602afada6d6cbfad699b0c7bb50d5ccffa7e46a3d738092afddc1f9758427f",
                "sha256:68fb519c14306fec9720a2a5b45bc9f0c8d1b9c72adf45c37baedfcd949c35a2",
                "sha256:77f396e6ef4c73fdc33a9157446466f1cff553d979bd00ecb64385760c6babdc",
                "sha256:81957921f441d50af23654aa6c5e5eaf9b06aba7f0a19c18a538dc7ef291c5a1",
                "sha256:819b3830a1543db06c4d4b865e70ded25be52a2e0631ccd2f6a47a2822f2fd7c",
                "sha256:897b80890765f037df3403d22bab41627ca8811ae55e9a722fd0392850ec4d86",
                "sha256:98c4d36e99714e55cfbaaee6dd5badbc9a1ec339ebfc3b1f52e293aee6bb71a4",
                "sha256:9df7ed3b3d2e0ecfe09e14741b857df43adb5a3ddadc919a2d94fbdf78fea53c",
                "sha256:9fa600030013c4de8165339db93d182b9431076eb98eb40ee068700c9c813e34",
                "sha256:a80a78046a72361de73f8f395f1f1e49f956c6be882eed58505a15f3e430962b",
                "sha256:afa17f5bc4d1b10afd4466fd3a44dc0e245382deca5b3c353d8b757f9e3ecb8d",
                "sha256:b3d267842bf12586ba6c734f89d1f5b871df0273157918b0ccefa29deb05c21c",
                "sha256:b5b9eccad747aabaaffbc6064800670f0c297e52c12754eb1d976c57e4f74dcb",
                "sha256:bfaef573a63ba8923503d27530362590ff4f576c626d86a9fed95822a8255fd7",
                "sha256:c5687b8d43cf58545ade1fe3e055f70eac7a5a1a0bf42824308d868289a95737",
                "sha256:cba8c411ef271aa037d7357a2bc8f9ee8b58b9965831d9e51baf703280dc73d3",
                "sha256:d15a181d1ecd0d4270dc32edb46f7cb7733c7c508857278d3d378d14d606db2d",
                "sha256:d4b0ba9512519522b118090257be113b9468d804b19d63c71dbcf4a48fa32358",
                "sha256:d4db7c7aef085872ef65a8fd7d6d09a14ae91f691dec3e87ee5ee0539d516f53",
                "sha256:d4eccecf9adf6fbcc6861a38015c2a64f38b9d94838ac1810a9023a0609e1b78",
                "sha256:d67d839ede4ed1b28a4e8909735fc992a923cdb84e618544973d7dfc71540803",
                "sha256:daf496c58a8c52083df09b80c860005194014c3698698d1a57cbcfa182142a3a",
                "sha256:dbad0e9d368bb989f4515da330b88a057617d16b6a8245084f1b05400f24609f",
                "sha256:e61ceaab6f49fb8bdfaa0f92c4b57bcfbea54c09277b1b4f7ac376bfb7a7c174",
                "sha256:f84fbc98b019fef2ee9a1cb3ce93e3187a6df0b2538a651bfb890254ba9f90b5"
            ],
            "markers": "python_version >= '3.6'",
            "version": "==6.0"
        },
        "requests": {
            "hashes": [
                "sha256:7c5599b102feddaa661c826c56ab4fee28bfd17f5abca1ebbe3e7f19d7c97983",
                "sha256:8fefa2a1a1365bf5520aac41836fbee479da67864514bdb821f31ce07ce65349"
            ],
            "index": "pypi",
            "version": "==2.28.1"
        },
        "setuptools": {
            "hashes": [
                "sha256:d0b9a8433464d5800cbe05094acf5c6d52a91bfac9b52bcfc4d41382be5d5d31",
                "sha256:e197a19aa8ec9722928f2206f8de752def0e4c9fc6953527360d1c36d94ddb2f"
            ],
            "markers": "python_version >= '3.7'",
            "version": "==65.5.1"
        },
        "six": {
            "hashes": [
                "sha256:1e61c37477a1626458e36f7b1d82aa5c9b094fa4802892072e49de9c60c4c926",
                "sha256:8abb2f1d86890a2dfb989f9a77cfcfd3e47c2a354b01111771326f8aa26e0254"
            ],
            "markers": "python_version >= '2.7' and python_version not in '3.0, 3.1, 3.2, 3.3'",
            "version": "==1.16.0"
        },
        "toml": {
            "hashes": [
                "sha256:806143ae5bfb6a3c6e736a764057db0e6a0e05e338b5630894a5f779cabb4f9b",
                "sha256:b3bda1d108d5dd99f4a20d24d9c348e91c4db7ab1b749200bded2f839ccbe68f"
            ],
            "markers": "python_version >= '2.6' and python_version not in '3.0, 3.1, 3.2, 3.3'",
            "version": "==0.10.2"
        },
        "tomli": {
            "hashes": [
                "sha256:939de3e7a6161af0c887ef91b7d41a53e7c5a1ca976325f429cb46ea9bc30ecc",
                "sha256:de526c12914f0c550d15924c62d72abc48d6fe7364aa87328337a31007fe8a4f"
            ],
            "markers": "python_full_version < '3.11.0a7'",
            "version": "==2.0.1"
        },
        "typing-extensions": {
            "hashes": [
                "sha256:1511434bb92bf8dd198c12b1cc812e800d4181cfcb867674e0f8279cc93087aa",
                "sha256:16fa4864408f655d35ec496218b85f79b3437c829e93320c7c9215ccfd92489e"
            ],
            "markers": "python_version >= '3.7'",
            "version": "==4.4.0"
        },
        "urllib3": {
            "hashes": [
                "sha256:3fa96cf423e6987997fc326ae8df396db2a8b7c667747d47ddd8ecba91f4a74e",
                "sha256:b930dd878d5a8afb066a637fbb35144fe7901e3b209d1cd4f524bd0e9deee997"
            ],
            "markers": "python_version >= '2.7' and python_version not in '3.0, 3.1, 3.2, 3.3, 3.4, 3.5' and python_version < '4'",
            "version": "==1.26.12"
        },
        "urwid": {
            "hashes": [
                "sha256:588bee9c1cb208d0906a9f73c613d2bd32c3ed3702012f51efe318a3f2127eae"
            ],
            "version": "==2.1.2"
        },
        "urwid-readline": {
            "hashes": [
                "sha256:018020cbc864bb5ed87be17dc26b069eae2755cb29f3a9c569aac3bded1efaf4"
            ],
            "version": "==0.13"
        },
        "virtualenv": {
            "hashes": [
                "sha256:186ca84254abcbde98180fd17092f9628c5fe742273c02724972a1d8a2035108",
                "sha256:530b850b523c6449406dfba859d6345e48ef19b8439606c5d74d7d3c9e14d76e"
            ],
            "markers": "python_version >= '3.6'",
            "version": "==20.16.6"
        }
    }
}
